
Microsoft Visual Studio Solution File, Format Version 12.00
# Visual Studio Version 17
VisualStudioVersion = 17.4.33122.133
MinimumVisualStudioVersion = 10.0.40219.1
Project("{FAE04EC0-301F-11D3-BF4B-00C04F79EFBC}") = "TestApplication", "TestApplication\TestApplication.csproj", "{98EBE246-41C7-4820-A5C4-4E1E69A14519}"
EndProject
Global
	GlobalSection(SolutionConfigurationPlatforms) = preSolution
		Debug|Any CPU = Debug|Any CPU
		Release|Any CPU = Release|Any CPU
	EndGlobalSection
	GlobalSection(ProjectConfigurationPlatforms) = postSolution
		{98EBE246-41C7-4820-A5C4-4E1E69A14519}.Debug|Any CPU.ActiveCfg = Debug|Any CPU
		{98EBE246-41C7-4820-A5C4-4E1E69A14519}.Debug|Any CPU.Build.0 = Debug|Any CPU
		{98EBE246-41C7-4820-A5C4-4E1E69A14519}.Release|Any CPU.ActiveCfg = Release|Any CPU
		{98EBE246-41C7-4820-A5C4-4E1E69A14519}.Release|Any CPU.Build.0 = Release|Any CPU
	EndGlobalSection
	GlobalSection(SolutionProperties) = preSolution
		HideSolutionNode = FALSE
	EndGlobalSection
	GlobalSection(ExtensibilityGlobals) = postSolution
		SolutionGuid = {1503E1B5-F4E5-4C20-AAB5-5FAC1008095C}
	EndGlobalSection
EndGlobal
